# generated by rye
# use `rye lock` or `rye sync` to update this lockfile
#
# last locked with the following flags:
#   pre: false
#   features: []
#   all-features: false
#   with-sources: false
#   generate-hashes: false
#   universal: false

-e file:.
beautifulsoup4==4.13.4
    # via google
google==3.0.0
    # via agents-python
protobuf==6.31.0
    # via agents-python
psutil==7.0.0
    # via agents-python
soupsieve==2.7
    # via beautifulsoup4
typing-extensions==4.13.2
    # via beautifulsoup4
